// !$*UTF8*$!
{
	archiveVersion = 1;
	classes = {
	};
	objectVersion = 50;
	objects = {

/* Begin PBXBuildFile section */
		97FF8A0C2258BE9500F3732A /* AppDelegate.swift in Sources */ = {isa = PBXBuildFile; fileRef = 97FF8A0B2258BE9500F3732A /* AppDelegate.swift */; };
		97FF8A0E2258BE9500F3732A /* ViewController.swift in Sources */ = {isa = PBXBuildFile; fileRef = 97FF8A0D2258BE9500F3732A /* ViewController.swift */; };
		97FF8A112258BE9500F3732A /* Main.storyboard in Resources */ = {isa = PBXBuildFile; fileRef = 97FF8A0F2258BE9500F3732A /* Main.storyboard */; };
		97FF8A132258BE9600F3732A /* Assets.xcassets in Resources */ = {isa = PBXBuildFile; fileRef = 97FF8A122258BE9600F3732A /* Assets.xcassets */; };
		97FF8A162258BE9600F3732A /* LaunchScreen.storyboard in Resources */ = {isa = PBXBuildFile; fileRef = 97FF8A142258BE9600F3732A /* LaunchScreen.storyboard */; };
		97FF8A212258BE9600F3732A /* CalculatorTests.swift in Sources */ = {isa = PBXBuildFile; fileRef = 97FF8A202258BE9600F3732A /* CalculatorTests.swift */; };
		97FF8A2C2258BE9600F3732A /* CalculatorUITests.swift in Sources */ = {isa = PBXBuildFile; fileRef = 97FF8A2B2258BE9600F3732A /* CalculatorUITests.swift */; };
/* End PBXBuildFile section */

/* Begin PBXContainerItemProxy section */
		97FF8A1D2258BE9600F3732A /* PBXContainerItemProxy */ = {
			isa = PBXContainerItemProxy;
			containerPortal = 97FF8A002258BE9500F3732A /* Project object */;
			proxyType = 1;
			remoteGlobalIDString = 97FF8A072258BE9500F3732A;
			remoteInfo = Calculator;
		};
		97FF8A282258BE9600F3732A /* PBXContainerItemProxy */ = {
			isa = PBXContainerItemProxy;
			containerPortal = 97FF8A002258BE9500F3732A /* Project object */;
			proxyType = 1;
			remoteGlobalIDString = 97FF8A072258BE9500F3732A;
			remoteInfo = Calculator;
		};
/* End PBXContainerItemProxy section */

/* Begin PBXFileReference section */
		97FF8A082258BE9500F3732A /* Calculator.app */ = {isa = PBXFileReference; explicitFileType = wrapper.application; includeInIndex = 0; path = Calculator.app; sourceTree = BUILT_PRODUCTS_DIR; };
		97FF8A0B2258BE9500F3732A /* AppDelegate.swift */ = {isa = PBXFileReference; lastKnownFileType = sourcecode.swift; path = AppDelegate.swift; sourceTree = "<group>"; };
		97FF8A0D2258BE9500F3732A /* ViewController.swift */ = {isa = PBXFileReference; lastKnownFileType = sourcecode.swift; path = ViewController.swift; sourceTree = "<group>"; };
		97FF8A102258BE9500F3732A /* Base */ = {isa = PBXFileReference; lastKnownFileType = file.storyboard; name = Base; path = Base.lproj/Main.storyboard; sourceTree = "<group>"; };
		97FF8A122258BE9600F3732A /* Assets.xcassets */ = {isa = PBXFileReference; lastKnownFileType = folder.assetcatalog; path = Assets.xcassets; sourceTree = "<group>"; };
		97FF8A152258BE9600F3732A /* Base */ = {isa = PBXFileReference; lastKnownFileType = file.storyboard; name = Base; path = Base.lproj/LaunchScreen.storyboard; sourceTree = "<group>"; };
		97FF8A172258BE9600F3732A /* Info.plist */ = {isa = PBXFileReference; lastKnownFileType = text.plist.xml; path = Info.plist; sourceTree = "<group>"; };
		97FF8A1C2258BE9600F3732A /* CalculatorTests.xctest */ = {isa = PBXFileReference; explicitFileType = wrapper.cfbundle; includeInIndex = 0; path = CalculatorTests.xctest; sourceTree = BUILT_PRODUCTS_DIR; };
		97FF8A202258BE9600F3732A /* CalculatorTests.swift */ = {isa = PBXFileReference; lastKnownFileType = sourcecode.swift; path = CalculatorTests.swift; sourceTree = "<group>"; };
		97FF8A222258BE9600F3732A /* Info.plist */ = {isa = PBXFileReference; lastKnownFileType = text.plist.xml; path = Info.plist; sourceTree = "<group>"; };
		97FF8A272258BE9600F3732A /* CalculatorUITests.xctest */ = {isa = PBXFileReference; explicitFileType = wrapper.cfbundle; includeInIndex = 0; path = CalculatorUITests.xctest; sourceTree = BUILT_PRODUCTS_DIR; };
		97FF8A2B2258BE9600F3732A /* CalculatorUITests.swift */ = {isa = PBXFileReference; lastKnownFileType = sourcecode.swift; path = CalculatorUITests.swift; sourceTree = "<group>"; };
		97FF8A2D2258BE9600F3732A /* Info.plist */ = {isa = PBXFileReference; lastKnownFileType = text.plist.xml; path = Info.plist; sourceTree = "<group>"; };
/* End PBXFileReference section */

/* Begin PBXFrameworksBuildPhase section */
		97FF8A052258BE9500F3732A /* Frameworks */ = {
			isa = PBXFrameworksBuildPhase;
			buildActionMask = 2147483647;
			files = (
			);
			runOnlyForDeploymentPostprocessing = 0;
		};
		97FF8A192258BE9600F3732A /* Frameworks */ = {
			isa = PBXFrameworksBuildPhase;
			buildActionMask = 2147483647;
			files = (
			);
			runOnlyForDeploymentPostprocessing = 0;
		};
		97FF8A242258BE9600F3732A /* Frameworks */ = {
			isa = PBXFrameworksBuildPhase;
			buildActionMask = 2147483647;
			files = (
			);
			runOnlyForDeploymentPostprocessing = 0;
		};
/* End PBXFrameworksBuildPhase section */

/* Begin PBXGroup section */
		97FF89FF2258BE9500F3732A = {
			isa = PBXGroup;
			children = (
				97FF8A0A2258BE9500F3732A /* Calculator */,
				97FF8A1F2258BE9600F3732A /* CalculatorTests */,
				97FF8A2A2258BE9600F3732A /* CalculatorUITests */,
				97FF8A092258BE9500F3732A /* Products */,
			);
			sourceTree = "<group>";
		};
		97FF8A092258BE9500F3732A /* Products */ = {
			isa = PBXGroup;
			children = (
				97FF8A082258BE9500F3732A /* Calculator.app */,
				97FF8A1C2258BE9600F3732A /* CalculatorTests.xctest */,
				97FF8A272258BE9600F3732A /* CalculatorUITests.xctest */,
			);
			name = Products;
			sourceTree = "<group>";
		};
		97FF8A0A2258BE9500F3732A /* Calculator */ = {
			isa = PBXGroup;
			children = (
				97FF8A0B2258BE9500F3732A /* AppDelegate.swift */,
				97FF8A0D2258BE9500F3732A /* ViewController.swift */,
				97FF8A0F2258BE9500F3732A /* Main.storyboard */,
				97FF8A122258BE9600F3732A /* Assets.xcassets */,
				97FF8A142258BE9600F3732A /* LaunchScreen.storyboard */,
				97FF8A172258BE9600F3732A /* Info.plist */,
			);
			path = Calculator;
			sourceTree = "<group>";
		};
		97FF8A1F2258BE9600F3732A /* CalculatorTests */ = {
			isa = PBXGroup;
			children = (
				97FF8A202258BE9600F3732A /* CalculatorTests.swift */,
				97FF8A222258BE9600F3732A /* Info.plist */,
			);
			path = CalculatorTests;
			sourceTree = "<group>";
		};
		97FF8A2A2258BE9600F3732A /* CalculatorUITests */ = {
			isa = PBXGroup;
			children = (
				97FF8A2B2258BE9600F3732A /* CalculatorUITests.swift */,
				97FF8A2D2258BE9600F3732A /* Info.plist */,
			);
			path = CalculatorUITests;
			sourceTree = "<group>";
		};
/* End PBXGroup section */

/* Begin PBXNativeTarget section */
		97FF8A072258BE9500F3732A /* Calculator */ = {
			isa = PBXNativeTarget;
			buildConfigurationList = 97FF8A302258BE9600F3732A /* Build configuration list for PBXNativeTarget "Calculator" */;
			buildPhases = (
				97FF8A042258BE9500F3732A /* Sources */,
				97FF8A052258BE9500F3732A /* Frameworks */,
				97FF8A062258BE9500F3732A /* Resources */,
			);
			buildRules = (
			);
			dependencies = (
			);
			name = Calculator;
			productName = Calculator;
			productReference = 97FF8A082258BE9500F3732A /* Calculator.app */;
			productType = "com.apple.product-type.application";
		};
		97FF8A1B2258BE9600F3732A /* CalculatorTests */ = {
			isa = PBXNativeTarget;
			buildConfigurationList = 97FF8A332258BE9600F3732A /* Build configuration list for PBXNativeTarget "CalculatorTests" */;
			buildPhases = (
				97FF8A182258BE9600F3732A /* Sources */,
				97FF8A192258BE9600F3732A /* Frameworks */,
				97FF8A1A2258BE9600F3732A /* Resources */,
			);
			buildRules = (
			);
			dependencies = (
				97FF8A1E2258BE9600F3732A /* PBXTargetDependency */,
			);
			name = CalculatorTests;
			productName = CalculatorTests;
			productReference = 97FF8A1C2258BE9600F3732A /* CalculatorTests.xctest */;
			productType = "com.apple.product-type.bundle.unit-test";
		};
		97FF8A262258BE9600F3732A /* CalculatorUITests */ = {
			isa = PBXNativeTarget;
			buildConfigurationList = 97FF8A362258BE9600F3732A /* Build configuration list for PBXNativeTarget "CalculatorUITests" */;
			buildPhases = (
				97FF8A232258BE9600F3732A /* Sources */,
				97FF8A242258BE9600F3732A /* Frameworks */,
				97FF8A252258BE9600F3732A /* Resources */,
			);
			buildRules = (
			);
			dependencies = (
				97FF8A292258BE9600F3732A /* PBXTargetDependency */,
			);
			name = CalculatorUITests;
			productName = CalculatorUITests;
			productReference = 97FF8A272258BE9600F3732A /* CalculatorUITests.xctest */;
			productType = "com.apple.product-type.bundle.ui-testing";
		};
/* End PBXNativeTarget section */

/* Begin PBXProject section */
		97FF8A002258BE9500F3732A /* Project object */ = {
			isa = PBXProject;
			attributes = {
				LastSwiftUpdateCheck = 1010;
				LastUpgradeCheck = 1010;
				ORGANIZATIONNAME = "Rika Sumitomo";
				TargetAttributes = {
					97FF8A072258BE9500F3732A = {
						CreatedOnToolsVersion = 10.1;
					};
					97FF8A1B2258BE9600F3732A = {
						CreatedOnToolsVersion = 10.1;
						TestTargetID = 97FF8A072258BE9500F3732A;
					};
					97FF8A262258BE9600F3732A = {
						CreatedOnToolsVersion = 10.1;
						TestTargetID = 97FF8A072258BE9500F3732A;
					};
				};
			};
			buildConfigurationList = 97FF8A032258BE9500F3732A /* Build configuration list for PBXProject "Calculator" */;
			compatibilityVersion = "Xcode 9.3";
			developmentRegion = en;
			hasScannedForEncodings = 0;
			knownRegions = (
				en,
				Base,
			);
			mainGroup = 97FF89FF2258BE9500F3732A;
			productRefGroup = 97FF8A092258BE9500F3732A /* Products */;
			projectDirPath = "";
			projectRoot = "";
			targets = (
				97FF8A072258BE9500F3732A /* Calculator */,
				97FF8A1B2258BE9600F3732A /* CalculatorTests */,
				97FF8A262258BE9600F3732A /* CalculatorUITests */,
			);
		};
/* End PBXProject section */

/* Begin PBXResourcesBuildPhase section */
		97FF8A062258BE9500F3732A /* Resources */ = {
			isa = PBXResourcesBuildPhase;
			buildActionMask = 2147483647;
			files = (
				97FF8A162258BE9600F3732A /* LaunchScreen.storyboard in Resources */,
				97FF8A132258BE9600F3732A /* Assets.xcassets in Resources */,
				97FF8A112258BE9500F3732A /* Main.storyboard in Resources */,
			);
			runOnlyForDeploymentPostprocessing = 0;
		};
		97FF8A1A2258BE9600F3732A /* Resources */ = {
			isa = PBXResourcesBuildPhase;
			buildActionMask = 2147483647;
			files = (
			);
			runOnlyForDeploymentPostprocessing = 0;
		};
		97FF8A252258BE9600F3732A /* Resources */ = {
			isa = PBXResourcesBuildPhase;
			buildActionMask = 2147483647;
			files = (
			);
			runOnlyForDeploymentPostprocessing = 0;
		};
/* End PBXResourcesBuildPhase section */

/* Begin PBXSourcesBuildPhase section */
		97FF8A042258BE9500F3732A /* Sources */ = {
			isa = PBXSourcesBuildPhase;
			buildActionMask = 2147483647;
			files = (
				97FF8A0E2258BE9500F3732A /* ViewController.swift in Sources */,
				97FF8A0C2258BE9500F3732A /* AppDelegate.swift in Sources */,
			);
			runOnlyForDeploymentPostprocessing = 0;
		};
		97FF8A182258BE9600F3732A /* Sources */ = {
			isa = PBXSourcesBuildPhase;
			buildActionMask = 2147483647;
			files = (
				97FF8A212258BE9600F3732A /* CalculatorTests.swift in Sources */,
			);
			runOnlyForDeploymentPostprocessing = 0;
		};
		97FF8A232258BE9600F3732A /* Sources */ = {
			isa = PBXSourcesBuildPhase;
			buildActionMask = 2147483647;
			files = (
				97FF8A2C2258BE9600F3732A /* CalculatorUITests.swift in Sources */,
			);
			runOnlyForDeploymentPostprocessing = 0;
		};
/* End PBXSourcesBuildPhase section */

/* Begin PBXTargetDependency section */
		97FF8A1E2258BE9600F3732A /* PBXTargetDependency */ = {
			isa = PBXTargetDependency;
			target = 97FF8A072258BE9500F3732A /* Calculator */;
			targetProxy = 97FF8A1D2258BE9600F3732A /* PBXContainerItemProxy */;
		};
		97FF8A292258BE9600F3732A /* PBXTargetDependency */ = {
			isa = PBXTargetDependency;
			target = 97FF8A072258BE9500F3732A /* Calculator */;
			targetProxy = 97FF8A282258BE9600F3732A /* PBXContainerItemProxy */;
		};
/* End PBXTargetDependency section */

/* Begin PBXVariantGroup section */
		97FF8A0F2258BE9500F3732A /* Main.storyboard */ = {
			isa = PBXVariantGroup;
			children = (
				97FF8A102258BE9500F3732A /* Base */,
			);
			name = Main.storyboard;
			sourceTree = "<group>";
		};
		97FF8A142258BE9600F3732A /* LaunchScreen.storyboard */ = {
			isa = PBXVariantGroup;
			children = (
				97FF8A152258BE9600F3732A /* Base */,
			);
			name = LaunchScreen.storyboard;
			sourceTree = "<group>";
		};
/* End PBXVariantGroup section */

/* Begin XCBuildConfiguration section */
		97FF8A2E2258BE9600F3732A /* Debug */ = {
			isa = XCBuildConfiguration;
			buildSettings = {
				ALWAYS_SEARCH_USER_PATHS = NO;
				CLANG_ANALYZER_NONNULL = YES;
				CLANG_ANALYZER_NUMBER_OBJECT_CONVERSION = YES_AGGRESSIVE;
				CLANG_CXX_LANGUAGE_STANDARD = "gnu++14";
				CLANG_CXX_LIBRARY = "libc++";
				CLANG_ENABLE_MODULES = YES;
				CLANG_ENABLE_OBJC_ARC = YES;
				CLANG_ENABLE_OBJC_WEAK = YES;
				CLANG_WARN_BLOCK_CAPTURE_AUTORELEASING = YES;
				CLANG_WARN_BOOL_CONVERSION = YES;
				CLANG_WARN_COMMA = YES;
				CLANG_WARN_CONSTANT_CONVERSION = YES;
				CLANG_WARN_DEPRECATED_OBJC_IMPLEMENTATIONS = YES;
				CLANG_WARN_DIRECT_OBJC_ISA_USAGE = YES_ERROR;
				CLANG_WARN_DOCUMENTATION_COMMENTS = YES;
				CLANG_WARN_EMPTY_BODY = YES;
				CLANG_WARN_ENUM_CONVERSION = YES;
				CLANG_WARN_INFINITE_RECURSION = YES;
				CLANG_WARN_INT_CONVERSION = YES;
				CLANG_WARN_NON_LITERAL_NULL_CONVERSION = YES;
				CLANG_WARN_OBJC_IMPLICIT_RETAIN_SELF = YES;
				CLANG_WARN_OBJC_LITERAL_CONVERSION = YES;
				CLANG_WARN_OBJC_ROOT_CLASS = YES_ERROR;
				CLANG_WARN_RANGE_LOOP_ANALYSIS = YES;
				CLANG_WARN_STRICT_PROTOTYPES = YES;
				CLANG_WARN_SUSPICIOUS_MOVE = YES;
				CLANG_WARN_UNGUARDED_AVAILABILITY = YES_AGGRESSIVE;
				CLANG_WARN_UNREACHABLE_CODE = YES;
				CLANG_WARN__DUPLICATE_METHOD_MATCH = YES;
				CODE_SIGN_IDENTITY = "iPhone Developer";
				COPY_PHASE_STRIP = NO;
				DEBUG_INFORMATION_FORMAT = dwarf;
				ENABLE_STRICT_OBJC_MSGSEND = YES;
				ENABLE_TESTABILITY = YES;
				GCC_C_LANGUAGE_STANDARD = gnu11;
				GCC_DYNAMIC_NO_PIC = NO;
				GCC_NO_COMMON_BLOCKS = YES;
				GCC_OPTIMIZATION_LEVEL = 0;
				GCC_PREPROCESSOR_DEFINITIONS = (
					"DEBUG=1",
					"$(inherited)",
				);
				GCC_WARN_64_TO_32_BIT_CONVERSION = YES;
				GCC_WARN_ABOUT_RETURN_TYPE = YES_ERROR;
				GCC_WARN_UNDECLARED_SELECTOR = YES;
				GCC_WARN_UNINITIALIZED_AUTOS = YES_AGGRESSIVE;
				GCC_WARN_UNUSED_FUNCTION = YES;
				GCC_WARN_UNUSED_VARIABLE = YES;
				IPHONEOS_DEPLOYMENT_TARGET = 12.1;
				MTL_ENABLE_DEBUG_INFO = INCLUDE_SOURCE;
				MTL_FAST_MATH = YES;
				ONLY_ACTIVE_ARCH = YES;
				SDKROOT = iphoneos;
				SWIFT_ACTIVE_COMPILATION_CONDITIONS = DEBUG;
				SWIFT_OPTIMIZATION_LEVEL = "-Onone";
			};
			name = Debug;
		};
		97FF8A2F2258BE9600F3732A /* Release */ = {
			isa = XCBuildConfiguration;
			buildSettings = {
				ALWAYS_SEARCH_USER_PATHS = NO;
				CLANG_ANALYZER_NONNULL = YES;
				CLANG_ANALYZER_NUMBER_OBJECT_CONVERSION = YES_AGGRESSIVE;
				CLANG_CXX_LANGUAGE_STANDARD = "gnu++14";
				CLANG_CXX_LIBRARY = "libc++";
				CLANG_ENABLE_MODULES = YES;
				CLANG_ENABLE_OBJC_ARC = YES;
				CLANG_ENABLE_OBJC_WEAK = YES;
				CLANG_WARN_BLOCK_CAPTURE_AUTORELEASING = YES;
				CLANG_WARN_BOOL_CONVERSION = YES;
				CLANG_WARN_COMMA = YES;
				CLANG_WARN_CONSTANT_CONVERSION = YES;
				CLANG_WARN_DEPRECATED_OBJC_IMPLEMENTATIONS = YES;
				CLANG_WARN_DIRECT_OBJC_ISA_USAGE = YES_ERROR;
				CLANG_WARN_DOCUMENTATION_COMMENTS = YES;
				CLANG_WARN_EMPTY_BODY = YES;
				CLANG_WARN_ENUM_CONVERSION = YES;
				CLANG_WARN_INFINITE_RECURSION = YES;
				CLANG_WARN_INT_CONVERSION = YES;
				CLANG_WARN_NON_LITERAL_NULL_CONVERSION = YES;
				CLANG_WARN_OBJC_IMPLICIT_RETAIN_SELF = YES;
				CLANG_WARN_OBJC_LITERAL_CONVERSION = YES;
				CLANG_WARN_OBJC_ROOT_CLASS = YES_ERROR;
				CLANG_WARN_RANGE_LOOP_ANALYSIS = YES;
				CLANG_WARN_STRICT_PROTOTYPES = YES;
				CLANG_WARN_SUSPICIOUS_MOVE = YES;
				CLANG_WARN_UNGUARDED_AVAILABILITY = YES_AGGRESSIVE;
				CLANG_WARN_UNREACHABLE_CODE = YES;
				CLANG_WARN__DUPLICATE_METHOD_MATCH = YES;
				CODE_SIGN_IDENTITY = "iPhone Developer";
				COPY_PHASE_STRIP = NO;
				DEBUG_INFORMATION_FORMAT = "dwarf-with-dsym";
				ENABLE_NS_ASSERTIONS = NO;
				ENABLE_STRICT_OBJC_MSGSEND = YES;
				GCC_C_LANGUAGE_STANDARD = gnu11;
				GCC_NO_COMMON_BLOCKS = YES;
				GCC_WARN_64_TO_32_BIT_CONVERSION = YES;
				GCC_WARN_ABOUT_RETURN_TYPE = YES_ERROR;
				GCC_WARN_UNDECLARED_SELECTOR = YES;
				GCC_WARN_UNINITIALIZED_AUTOS = YES_AGGRESSIVE;
				GCC_WARN_UNUSED_FUNCTION = YES;
				GCC_WARN_UNUSED_VARIABLE = YES;
				IPHONEOS_DEPLOYMENT_TARGET = 12.1;
				MTL_ENABLE_DEBUG_INFO = NO;
				MTL_FAST_MATH = YES;
				SDKROOT = iphoneos;
				SWIFT_COMPILATION_MODE = wholemodule;
				SWIFT_OPTIMIZATION_LEVEL = "-O";
				VALIDATE_PRODUCT = YES;
			};
			name = Release;
		};
		97FF8A312258BE9600F3732A /* Debug */ = {
			isa = XCBuildConfiguration;
			buildSettings = {
				ASSETCATALOG_COMPILER_APPICON_NAME = AppIcon;
				CODE_SIGN_STYLE = Automatic;
				DEVELOPMENT_TEAM = S74K7CZMG5;
				INFOPLIST_FILE = Calculator/Info.plist;
				LD_RUNPATH_SEARCH_PATHS = (
					"$(inherited)",
					"@executable_path/Frameworks",
				);
				PRODUCT_BUNDLE_IDENTIFIER = jp.techacademy.rika.sumitomo.Calculator;
				PRODUCT_NAME = "$(TARGET_NAME)";
				SWIFT_VERSION = 4.2;
				TARGETED_DEVICE_FAMILY = "1,2";
			};
			name = Debug;
		};
		97FF8A322258BE9600F3732A /* Release */ = {
			isa = XCBuildConfiguration;
			buildSettings = {
				ASSETCATALOG_COMPILER_APPICON_NAME = AppIcon;
				CODE_SIGN_STYLE = Automatic;
				DEVELOPMENT_TEAM = S74K7CZMG5;
				INFOPLIST_FILE = Calculator/Info.plist;
				LD_RUNPATH_SEARCH_PATHS = (
					"$(inherited)",
					"@executable_path/Frameworks",
				);
				PRODUCT_BUNDLE_IDENTIFIER = jp.techacademy.rika.sumitomo.Calculator;
				PRODUCT_NAME = "$(TARGET_NAME)";
				SWIFT_VERSION = 4.2;
				TARGETED_DEVICE_FAMILY = "1,2";
			};
			name = Release;
		};
		97FF8A342258BE9600F3732A /* Debug */ = {
			isa = XCBuildConfiguration;
			buildSettings = {
				ALWAYS_EMBED_SWIFT_STANDARD_LIBRARIES = YES;
				BUNDLE_LOADER = "$(TEST_HOST)";
				CODE_SIGN_STYLE = Automatic;
				DEVELOPMENT_TEAM = S74K7CZMG5;
				INFOPLIST_FILE = CalculatorTests/Info.plist;
				LD_RUNPATH_SEARCH_PATHS = (
					"$(inherited)",
					"@executable_path/Frameworks",
					"@loader_path/Frameworks",
				);
				PRODUCT_BUNDLE_IDENTIFIER = jp.techacademy.rika.sumitomo.CalculatorTests;
				PRODUCT_NAME = "$(TARGET_NAME)";
				SWIFT_VERSION = 4.2;
				TARGETED_DEVICE_FAMILY = "1,2";
				TEST_HOST = "$(BUILT_PRODUCTS_DIR)/Calculator.app/Calculator";
			};
			name = Debug;
		};
		97FF8A352258BE9600F3732A /* Release */ = {
			isa = XCBuildConfiguration;
			buildSettings = {
				ALWAYS_EMBED_SWIFT_STANDARD_LIBRARIES = YES;
				BUNDLE_LOADER = "$(TEST_HOST)";
				CODE_SIGN_STYLE = Automatic;
				DEVELOPMENT_TEAM = S74K7CZMG5;
				INFOPLIST_FILE = CalculatorTests/Info.plist;
				LD_RUNPATH_SEARCH_PATHS = (
					"$(inherited)",
					"@executable_path/Frameworks",
					"@loader_path/Frameworks",
				);
				PRODUCT_BUNDLE_IDENTIFIER = jp.techacademy.rika.sumitomo.CalculatorTests;
				PRODUCT_NAME = "$(TARGET_NAME)";
				SWIFT_VERSION = 4.2;
				TARGETED_DEVICE_FAMILY = "1,2";
				TEST_HOST = "$(BUILT_PRODUCTS_DIR)/Calculator.app/Calculator";
			};
			name = Release;
		};
		97FF8A372258BE9600F3732A /* Debug */ = {
			isa = XCBuildConfiguration;
			buildSettings = {
				ALWAYS_EMBED_SWIFT_STANDARD_LIBRARIES = YES;
				CODE_SIGN_STYLE = Automatic;
				DEVELOPMENT_TEAM = S74K7CZMG5;
				INFOPLIST_FILE = CalculatorUITests/Info.plist;
				LD_RUNPATH_SEARCH_PATHS = (
					"$(inherited)",
					"@executable_path/Frameworks",
					"@loader_path/Frameworks",
				);
				PRODUCT_BUNDLE_IDENTIFIER = jp.techacademy.rika.sumitomo.CalculatorUITests;
				PRODUCT_NAME = "$(TARGET_NAME)";
				SWIFT_VERSION = 4.2;
				TARGETED_DEVICE_FAMILY = "1,2";
				TEST_TARGET_NAME = Calculator;
			};
			name = Debug;
		};
		97FF8A382258BE9600F3732A /* Release */ = {
			isa = XCBuildConfiguration;
			buildSettings = {
				ALWAYS_EMBED_SWIFT_STANDARD_LIBRARIES = YES;
				CODE_SIGN_STYLE = Automatic;
				DEVELOPMENT_TEAM = S74K7CZMG5;
				INFOPLIST_FILE = CalculatorUITests/Info.plist;
				LD_RUNPATH_SEARCH_PATHS = (
					"$(inherited)",
					"@executable_path/Frameworks",
					"@loader_path/Frameworks",
				);
				PRODUCT_BUNDLE_IDENTIFIER = jp.techacademy.rika.sumitomo.CalculatorUITests;
				PRODUCT_NAME = "$(TARGET_NAME)";
				SWIFT_VERSION = 4.2;
				TARGETED_DEVICE_FAMILY = "1,2";
				TEST_TARGET_NAME = Calculator;
			};
			name = Release;
		};
/* End XCBuildConfiguration section */

/* Begin XCConfigurationList section */
		97FF8A032258BE9500F3732A /* Build configuration list for PBXProject "Calculator" */ = {
			isa = XCConfigurationList;
			buildConfigurations = (
				97FF8A2E2258BE9600F3732A /* Debug */,
				97FF8A2F2258BE9600F3732A /* Release */,
			);
			defaultConfigurationIsVisible = 0;
			defaultConfigurationName = Release;
		};
		97FF8A302258BE9600F3732A /* Build configuration list for PBXNativeTarget "Calculator" */ = {
			isa = XCConfigurationList;
			buildConfigurations = (
				97FF8A312258BE9600F3732A /* Debug */,
				97FF8A322258BE9600F3732A /* Release */,
			);
			defaultConfigurationIsVisible = 0;
			defaultConfigurationName = Release;
		};
		97FF8A332258BE9600F3732A /* Build configuration list for PBXNativeTarget "CalculatorTests" */ = {
			isa = XCConfigurationList;
			buildConfigurations = (
				97FF8A342258BE9600F3732A /* Debug */,
				97FF8A352258BE9600F3732A /* Release */,
			);
			defaultConfigurationIsVisible = 0;
			defaultConfigurationName = Release;
		};
		97FF8A362258BE9600F3732A /* Build configuration list for PBXNativeTarget "CalculatorUITests" */ = {
			isa = XCConfigurationList;
			buildConfigurations = (
				97FF8A372258BE9600F3732A /* Debug */,
				97FF8A382258BE9600F3732A /* Release */,
			);
			defaultConfigurationIsVisible = 0;
			defaultConfigurationName = Release;
		};
/* End XCConfigurationList section */
	};
	rootObject = 97FF8A002258BE9500F3732A /* Project object */;
}
